
Microsoft Visual Studio Solution File, Format Version 12.00
# Visual Studio Version 17
VisualStudioVersion = 17.6.33723.286
MinimumVisualStudioVersion = 10.0.40219.1
Project("{FAE04EC0-301F-11D3-BF4B-00C04F79EFBC}") = "testrpg", "testrpg\testrpg.csproj", "{A399440A-0A18-424A-83B1-4FD9766444AA}"
EndProject
Global
	GlobalSection(SolutionConfigurationPlatforms) = preSolution
		Debug|Any CPU = Debug|Any CPU
		Release|Any CPU = Release|Any CPU
	EndGlobalSection
	GlobalSection(ProjectConfigurationPlatforms) = postSolution
		{A399440A-0A18-424A-83B1-4FD9766444AA}.Debug|Any CPU.ActiveCfg = Debug|Any CPU
		{A399440A-0A18-424A-83B1-4FD9766444AA}.Debug|Any CPU.Build.0 = Debug|Any CPU
		{A399440A-0A18-424A-83B1-4FD9766444AA}.Release|Any CPU.ActiveCfg = Release|Any CPU
		{A399440A-0A18-424A-83B1-4FD9766444AA}.Release|Any CPU.Build.0 = Release|Any CPU
	EndGlobalSection
	GlobalSection(SolutionProperties) = preSolution
		HideSolutionNode = FALSE
	EndGlobalSection
	GlobalSection(ExtensibilityGlobals) = postSolution
		SolutionGuid = {56B9B6C3-14D7-4B08-BC9A-65F0E83D1920}
	EndGlobalSection
EndGlobal
